
Microsoft Visual Studio Solution File, Format Version 12.00
# Visual Studio 15
Project("{FAE04EC0-301F-11D3-BF4B-00C04F79EFBC}") = "Assembly-CSharp", "Assembly-CSharp.csproj", "{061436C5-61C3-19CC-69F2-23CA532535A4}"
EndProject
Project("{FAE04EC0-301F-11D3-BF4B-00C04F79EFBC}") = "NativeCamera.Runtime", "NativeCamera.Runtime.csproj", "{6A246E56-BB85-1934-DB57-A1BA0DCE6896}"
EndProject
Project("{FAE04EC0-301F-11D3-BF4B-00C04F79EFBC}") = "Assembly-CSharp-Editor", "Assembly-CSharp-Editor.csproj", "{20A84050-1B1B-B8DE-F93B-36CCB396052B}"
EndProject
Project("{FAE04EC0-301F-11D3-BF4B-00C04F79EFBC}") = "NativeCamera.Editor", "NativeCamera.Editor.csproj", "{4BA8C91C-79C1-D370-AE78-1976C8CC0520}"
EndProject
Global
	GlobalSection(SolutionConfigurationPlatforms) = preSolution
		Debug|Any CPU = Debug|Any CPU
		Release|Any CPU = Release|Any CPU
	EndGlobalSection
	GlobalSection(ProjectConfigurationPlatforms) = postSolution
		{061436C5-61C3-19CC-69F2-23CA532535A4}.Debug|Any CPU.ActiveCfg = Debug|Any CPU
		{061436C5-61C3-19CC-69F2-23CA532535A4}.Debug|Any CPU.Build.0 = Debug|Any CPU
		{061436C5-61C3-19CC-69F2-23CA532535A4}.Release|Any CPU.ActiveCfg = Release|Any CPU
		{061436C5-61C3-19CC-69F2-23CA532535A4}.Release|Any CPU.Build.0 = Release|Any CPU
		{6A246E56-BB85-1934-DB57-A1BA0DCE6896}.Debug|Any CPU.ActiveCfg = Debug|Any CPU
		{6A246E56-BB85-1934-DB57-A1BA0DCE6896}.Debug|Any CPU.Build.0 = Debug|Any CPU
		{6A246E56-BB85-1934-DB57-A1BA0DCE6896}.Release|Any CPU.ActiveCfg = Release|Any CPU
		{6A246E56-BB85-1934-DB57-A1BA0DCE6896}.Release|Any CPU.Build.0 = Release|Any CPU
		{20A84050-1B1B-B8DE-F93B-36CCB396052B}.Debug|Any CPU.ActiveCfg = Debug|Any CPU
		{20A84050-1B1B-B8DE-F93B-36CCB396052B}.Debug|Any CPU.Build.0 = Debug|Any CPU
		{20A84050-1B1B-B8DE-F93B-36CCB396052B}.Release|Any CPU.ActiveCfg = Release|Any CPU
		{20A84050-1B1B-B8DE-F93B-36CCB396052B}.Release|Any CPU.Build.0 = Release|Any CPU
		{4BA8C91C-79C1-D370-AE78-1976C8CC0520}.Debug|Any CPU.ActiveCfg = Debug|Any CPU
		{4BA8C91C-79C1-D370-AE78-1976C8CC0520}.Debug|Any CPU.Build.0 = Debug|Any CPU
		{4BA8C91C-79C1-D370-AE78-1976C8CC0520}.Release|Any CPU.ActiveCfg = Release|Any CPU
		{4BA8C91C-79C1-D370-AE78-1976C8CC0520}.Release|Any CPU.Build.0 = Release|Any CPU
	EndGlobalSection
	GlobalSection(SolutionProperties) = preSolution
		HideSolutionNode = FALSE
	EndGlobalSection
EndGlobal
